// !$*UTF8*$!
{
	archiveVersion = 1;
	classes = {
	};
	objectVersion = 56;
	objects = {

/* Begin PBXBuildFile section */
		FB464A782966C2C0008AD1B5 /* WeAreApp.swift in Sources */ = {isa = PBXBuildFile; fileRef = FB464A772966C2C0008AD1B5 /* WeAreApp.swift */; };
		FB464A7A2966C2C0008AD1B5 /* MainTabView.swift in Sources */ = {isa = PBXBuildFile; fileRef = FB464A792966C2C0008AD1B5 /* MainTabView.swift */; };
		FB464A7C2966C2C1008AD1B5 /* Assets.xcassets in Resources */ = {isa = PBXBuildFile; fileRef = FB464A7B2966C2C1008AD1B5 /* Assets.xcassets */; };
		FB464A7F2966C2C1008AD1B5 /* Preview Assets.xcassets in Resources */ = {isa = PBXBuildFile; fileRef = FB464A7E2966C2C1008AD1B5 /* Preview Assets.xcassets */; };
		FB464A86296BFC2B008AD1B5 /* Tab.swift in Sources */ = {isa = PBXBuildFile; fileRef = FB464A85296BFC2B008AD1B5 /* Tab.swift */; };
		FB464A8A296BFCEC008AD1B5 /* HomeView.swift in Sources */ = {isa = PBXBuildFile; fileRef = FB464A89296BFCEC008AD1B5 /* HomeView.swift */; };
		FB464A8D296BFE18008AD1B5 /* HomeHeaderView.swift in Sources */ = {isa = PBXBuildFile; fileRef = FB464A8C296BFE18008AD1B5 /* HomeHeaderView.swift */; };
		FB464A8F296C011A008AD1B5 /* HomeMbtiTypes.swift in Sources */ = {isa = PBXBuildFile; fileRef = FB464A8E296C011A008AD1B5 /* HomeMbtiTypes.swift */; };
		FB464A91296C0219008AD1B5 /* MbtiTypes.swift in Sources */ = {isa = PBXBuildFile; fileRef = FB464A90296C0219008AD1B5 /* MbtiTypes.swift */; };
		FB464A96296D531D008AD1B5 /* HomeMbtiTypesDetail.swift in Sources */ = {isa = PBXBuildFile; fileRef = FB464A95296D531D008AD1B5 /* HomeMbtiTypesDetail.swift */; };
		FB464A98296EC539008AD1B5 /* AddNewFriendView.swift in Sources */ = {isa = PBXBuildFile; fileRef = FB464A97296EC539008AD1B5 /* AddNewFriendView.swift */; };
		FB464A9B296EE2B7008AD1B5 /* Model.xcdatamodeld in Sources */ = {isa = PBXBuildFile; fileRef = FB464A99296EE2B7008AD1B5 /* Model.xcdatamodeld */; };
		FB464AA0296EE3FE008AD1B5 /* PeopleInfo.swift in Sources */ = {isa = PBXBuildFile; fileRef = FB464A9F296EE3FE008AD1B5 /* PeopleInfo.swift */; };
		FB464AA2296EE5DA008AD1B5 /* PeopleInfoStore.swift in Sources */ = {isa = PBXBuildFile; fileRef = FB464AA1296EE5DA008AD1B5 /* PeopleInfoStore.swift */; };
/* End PBXBuildFile section */

/* Begin PBXFileReference section */
		FB464A742966C2C0008AD1B5 /* WeAre.app */ = {isa = PBXFileReference; explicitFileType = wrapper.application; includeInIndex = 0; path = WeAre.app; sourceTree = BUILT_PRODUCTS_DIR; };
		FB464A772966C2C0008AD1B5 /* WeAreApp.swift */ = {isa = PBXFileReference; lastKnownFileType = sourcecode.swift; path = WeAreApp.swift; sourceTree = "<group>"; };
		FB464A792966C2C0008AD1B5 /* MainTabView.swift */ = {isa = PBXFileReference; lastKnownFileType = sourcecode.swift; path = MainTabView.swift; sourceTree = "<group>"; };
		FB464A7B2966C2C1008AD1B5 /* Assets.xcassets */ = {isa = PBXFileReference; lastKnownFileType = folder.assetcatalog; path = Assets.xcassets; sourceTree = "<group>"; };
		FB464A7E2966C2C1008AD1B5 /* Preview Assets.xcassets */ = {isa = PBXFileReference; lastKnownFileType = folder.assetcatalog; path = "Preview Assets.xcassets"; sourceTree = "<group>"; };
		FB464A85296BFC2B008AD1B5 /* Tab.swift */ = {isa = PBXFileReference; lastKnownFileType = sourcecode.swift; path = Tab.swift; sourceTree = "<group>"; };
		FB464A89296BFCEC008AD1B5 /* HomeView.swift */ = {isa = PBXFileReference; lastKnownFileType = sourcecode.swift; path = HomeView.swift; sourceTree = "<group>"; };
		FB464A8C296BFE18008AD1B5 /* HomeHeaderView.swift */ = {isa = PBXFileReference; lastKnownFileType = sourcecode.swift; path = HomeHeaderView.swift; sourceTree = "<group>"; };
		FB464A8E296C011A008AD1B5 /* HomeMbtiTypes.swift */ = {isa = PBXFileReference; lastKnownFileType = sourcecode.swift; path = HomeMbtiTypes.swift; sourceTree = "<group>"; };
		FB464A90296C0219008AD1B5 /* MbtiTypes.swift */ = {isa = PBXFileReference; lastKnownFileType = sourcecode.swift; path = MbtiTypes.swift; sourceTree = "<group>"; };
		FB464A95296D531D008AD1B5 /* HomeMbtiTypesDetail.swift */ = {isa = PBXFileReference; lastKnownFileType = sourcecode.swift; path = HomeMbtiTypesDetail.swift; sourceTree = "<group>"; };
		FB464A97296EC539008AD1B5 /* AddNewFriendView.swift */ = {isa = PBXFileReference; lastKnownFileType = sourcecode.swift; path = AddNewFriendView.swift; sourceTree = "<group>"; };
		FB464A9A296EE2B7008AD1B5 /* Model.xcdatamodel */ = {isa = PBXFileReference; lastKnownFileType = wrapper.xcdatamodel; path = Model.xcdatamodel; sourceTree = "<group>"; };
		FB464A9F296EE3FE008AD1B5 /* PeopleInfo.swift */ = {isa = PBXFileReference; lastKnownFileType = sourcecode.swift; path = PeopleInfo.swift; sourceTree = "<group>"; };
		FB464AA1296EE5DA008AD1B5 /* PeopleInfoStore.swift */ = {isa = PBXFileReference; lastKnownFileType = sourcecode.swift; path = PeopleInfoStore.swift; sourceTree = "<group>"; };
/* End PBXFileReference section */

/* Begin PBXFrameworksBuildPhase section */
		FB464A712966C2C0008AD1B5 /* Frameworks */ = {
			isa = PBXFrameworksBuildPhase;
			buildActionMask = 2147483647;
			files = (
			);
			runOnlyForDeploymentPostprocessing = 0;
		};
/* End PBXFrameworksBuildPhase section */

/* Begin PBXGroup section */
		FB464A6B2966C2C0008AD1B5 = {
			isa = PBXGroup;
			children = (
				FB464A762966C2C0008AD1B5 /* WeAre */,
				FB464A752966C2C0008AD1B5 /* Products */,
			);
			sourceTree = "<group>";
		};
		FB464A752966C2C0008AD1B5 /* Products */ = {
			isa = PBXGroup;
			children = (
				FB464A742966C2C0008AD1B5 /* WeAre.app */,
			);
			name = Products;
			sourceTree = "<group>";
		};
		FB464A762966C2C0008AD1B5 /* WeAre */ = {
			isa = PBXGroup;
			children = (
				FB464A772966C2C0008AD1B5 /* WeAreApp.swift */,
				FB464A92296C0362008AD1B5 /* Model */,
				FB464A88296BFCCC008AD1B5 /* Scenes */,
				FB464A7B2966C2C1008AD1B5 /* Assets.xcassets */,
				FB464A99296EE2B7008AD1B5 /* Model.xcdatamodeld */,
				FB464A7D2966C2C1008AD1B5 /* Preview Content */,
			);
			path = WeAre;
			sourceTree = "<group>";
		};
		FB464A7D2966C2C1008AD1B5 /* Preview Content */ = {
			isa = PBXGroup;
			children = (
				FB464A7E2966C2C1008AD1B5 /* Preview Assets.xcassets */,
			);
			path = "Preview Content";
			sourceTree = "<group>";
		};
		FB464A87296BFCC4008AD1B5 /* Tab */ = {
			isa = PBXGroup;
			children = (
				FB464A792966C2C0008AD1B5 /* MainTabView.swift */,
				FB464A85296BFC2B008AD1B5 /* Tab.swift */,
			);
			path = Tab;
			sourceTree = "<group>";
		};
		FB464A88296BFCCC008AD1B5 /* Scenes */ = {
			isa = PBXGroup;
			children = (
				FB464A87296BFCC4008AD1B5 /* Tab */,
				FB464A8B296BFD61008AD1B5 /* Home */,
			);
			path = Scenes;
			sourceTree = "<group>";
		};
		FB464A8B296BFD61008AD1B5 /* Home */ = {
			isa = PBXGroup;
			children = (
				FB464A89296BFCEC008AD1B5 /* HomeView.swift */,
				FB464A8C296BFE18008AD1B5 /* HomeHeaderView.swift */,
				FB464A8E296C011A008AD1B5 /* HomeMbtiTypes.swift */,
				FB464A95296D531D008AD1B5 /* HomeMbtiTypesDetail.swift */,
				FB464A97296EC539008AD1B5 /* AddNewFriendView.swift */,
			);
			path = Home;
			sourceTree = "<group>";
		};
		FB464A92296C0362008AD1B5 /* Model */ = {
			isa = PBXGroup;
			children = (
				FB464AA3296EE5E7008AD1B5 /* Memory */,
				FB464A90296C0219008AD1B5 /* MbtiTypes.swift */,
			);
			path = Model;
			sourceTree = "<group>";
		};
		FB464AA3296EE5E7008AD1B5 /* Memory */ = {
			isa = PBXGroup;
			children = (
				FB464A9F296EE3FE008AD1B5 /* PeopleInfo.swift */,
				FB464AA1296EE5DA008AD1B5 /* PeopleInfoStore.swift */,
			);
			path = Memory;
			sourceTree = "<group>";
		};
/* End PBXGroup section */

/* Begin PBXNativeTarget section */
		FB464A732966C2C0008AD1B5 /* WeAre */ = {
			isa = PBXNativeTarget;
			buildConfigurationList = FB464A822966C2C1008AD1B5 /* Build configuration list for PBXNativeTarget "WeAre" */;
			buildPhases = (
				FB464A702966C2C0008AD1B5 /* Sources */,
				FB464A712966C2C0008AD1B5 /* Frameworks */,
				FB464A722966C2C0008AD1B5 /* Resources */,
			);
			buildRules = (
			);
			dependencies = (
			);
			name = WeAre;
			productName = WeAre;
			productReference = FB464A742966C2C0008AD1B5 /* WeAre.app */;
			productType = "com.apple.product-type.application";
		};
/* End PBXNativeTarget section */

/* Begin PBXProject section */
		FB464A6C2966C2C0008AD1B5 /* Project object */ = {
			isa = PBXProject;
			attributes = {
				BuildIndependentTargetsInParallel = 1;
				LastSwiftUpdateCheck = 1420;
				LastUpgradeCheck = 1420;
				TargetAttributes = {
					FB464A732966C2C0008AD1B5 = {
						CreatedOnToolsVersion = 14.2;
					};
				};
			};
			buildConfigurationList = FB464A6F2966C2C0008AD1B5 /* Build configuration list for PBXProject "WeAre" */;
			compatibilityVersion = "Xcode 14.0";
			developmentRegion = en;
			hasScannedForEncodings = 0;
			knownRegions = (
				en,
				Base,
			);
			mainGroup = FB464A6B2966C2C0008AD1B5;
			productRefGroup = FB464A752966C2C0008AD1B5 /* Products */;
			projectDirPath = "";
			projectRoot = "";
			targets = (
				FB464A732966C2C0008AD1B5 /* WeAre */,
			);
		};
/* End PBXProject section */

/* Begin PBXResourcesBuildPhase section */
		FB464A722966C2C0008AD1B5 /* Resources */ = {
			isa = PBXResourcesBuildPhase;
			buildActionMask = 2147483647;
			files = (
				FB464A7F2966C2C1008AD1B5 /* Preview Assets.xcassets in Resources */,
				FB464A7C2966C2C1008AD1B5 /* Assets.xcassets in Resources */,
			);
			runOnlyForDeploymentPostprocessing = 0;
		};
/* End PBXResourcesBuildPhase section */

/* Begin PBXSourcesBuildPhase section */
		FB464A702966C2C0008AD1B5 /* Sources */ = {
			isa = PBXSourcesBuildPhase;
			buildActionMask = 2147483647;
			files = (
				FB464AA0296EE3FE008AD1B5 /* PeopleInfo.swift in Sources */,
				FB464A98296EC539008AD1B5 /* AddNewFriendView.swift in Sources */,
				FB464A8F296C011A008AD1B5 /* HomeMbtiTypes.swift in Sources */,
				FB464A96296D531D008AD1B5 /* HomeMbtiTypesDetail.swift in Sources */,
				FB464A86296BFC2B008AD1B5 /* Tab.swift in Sources */,
				FB464A8D296BFE18008AD1B5 /* HomeHeaderView.swift in Sources */,
				FB464A8A296BFCEC008AD1B5 /* HomeView.swift in Sources */,
				FB464A7A2966C2C0008AD1B5 /* MainTabView.swift in Sources */,
				FB464A9B296EE2B7008AD1B5 /* Model.xcdatamodeld in Sources */,
				FB464A782966C2C0008AD1B5 /* WeAreApp.swift in Sources */,
				FB464AA2296EE5DA008AD1B5 /* PeopleInfoStore.swift in Sources */,
				FB464A91296C0219008AD1B5 /* MbtiTypes.swift in Sources */,
			);
			runOnlyForDeploymentPostprocessing = 0;
		};
/* End PBXSourcesBuildPhase section */

/* Begin XCBuildConfiguration section */
		FB464A802966C2C1008AD1B5 /* Debug */ = {
			isa = XCBuildConfiguration;
			buildSettings = {
				ALWAYS_SEARCH_USER_PATHS = NO;
				CLANG_ANALYZER_NONNULL = YES;
				CLANG_ANALYZER_NUMBER_OBJECT_CONVERSION = YES_AGGRESSIVE;
				CLANG_CXX_LANGUAGE_STANDARD = "gnu++20";
				CLANG_ENABLE_MODULES = YES;
				CLANG_ENABLE_OBJC_ARC = YES;
				CLANG_ENABLE_OBJC_WEAK = YES;
				CLANG_WARN_BLOCK_CAPTURE_AUTORELEASING = YES;
				CLANG_WARN_BOOL_CONVERSION = YES;
				CLANG_WARN_COMMA = YES;
				CLANG_WARN_CONSTANT_CONVERSION = YES;
				CLANG_WARN_DEPRECATED_OBJC_IMPLEMENTATIONS = YES;
				CLANG_WARN_DIRECT_OBJC_ISA_USAGE = YES_ERROR;
				CLANG_WARN_DOCUMENTATION_COMMENTS = YES;
				CLANG_WARN_EMPTY_BODY = YES;
				CLANG_WARN_ENUM_CONVERSION = YES;
				CLANG_WARN_INFINITE_RECURSION = YES;
				CLANG_WARN_INT_CONVERSION = YES;
				CLANG_WARN_NON_LITERAL_NULL_CONVERSION = YES;
				CLANG_WARN_OBJC_IMPLICIT_RETAIN_SELF = YES;
				CLANG_WARN_OBJC_LITERAL_CONVERSION = YES;
				CLANG_WARN_OBJC_ROOT_CLASS = YES_ERROR;
				CLANG_WARN_QUOTED_INCLUDE_IN_FRAMEWORK_HEADER = YES;
				CLANG_WARN_RANGE_LOOP_ANALYSIS = YES;
				CLANG_WARN_STRICT_PROTOTYPES = YES;
				CLANG_WARN_SUSPICIOUS_MOVE = YES;
				CLANG_WARN_UNGUARDED_AVAILABILITY = YES_AGGRESSIVE;
				CLANG_WARN_UNREACHABLE_CODE = YES;
				CLANG_WARN__DUPLICATE_METHOD_MATCH = YES;
				COPY_PHASE_STRIP = NO;
				DEBUG_INFORMATION_FORMAT = dwarf;
				ENABLE_STRICT_OBJC_MSGSEND = YES;
				ENABLE_TESTABILITY = YES;
				GCC_C_LANGUAGE_STANDARD = gnu11;
				GCC_DYNAMIC_NO_PIC = NO;
				GCC_NO_COMMON_BLOCKS = YES;
				GCC_OPTIMIZATION_LEVEL = 0;
				GCC_PREPROCESSOR_DEFINITIONS = (
					"DEBUG=1",
					"$(inherited)",
				);
				GCC_WARN_64_TO_32_BIT_CONVERSION = YES;
				GCC_WARN_ABOUT_RETURN_TYPE = YES_ERROR;
				GCC_WARN_UNDECLARED_SELECTOR = YES;
				GCC_WARN_UNINITIALIZED_AUTOS = YES_AGGRESSIVE;
				GCC_WARN_UNUSED_FUNCTION = YES;
				GCC_WARN_UNUSED_VARIABLE = YES;
				IPHONEOS_DEPLOYMENT_TARGET = 16.2;
				MTL_ENABLE_DEBUG_INFO = INCLUDE_SOURCE;
				MTL_FAST_MATH = YES;
				ONLY_ACTIVE_ARCH = YES;
				SDKROOT = iphoneos;
				SWIFT_ACTIVE_COMPILATION_CONDITIONS = DEBUG;
				SWIFT_OPTIMIZATION_LEVEL = "-Onone";
			};
			name = Debug;
		};
		FB464A812966C2C1008AD1B5 /* Release */ = {
			isa = XCBuildConfiguration;
			buildSettings = {
				ALWAYS_SEARCH_USER_PATHS = NO;
				CLANG_ANALYZER_NONNULL = YES;
				CLANG_ANALYZER_NUMBER_OBJECT_CONVERSION = YES_AGGRESSIVE;
				CLANG_CXX_LANGUAGE_STANDARD = "gnu++20";
				CLANG_ENABLE_MODULES = YES;
				CLANG_ENABLE_OBJC_ARC = YES;
				CLANG_ENABLE_OBJC_WEAK = YES;
				CLANG_WARN_BLOCK_CAPTURE_AUTORELEASING = YES;
				CLANG_WARN_BOOL_CONVERSION = YES;
				CLANG_WARN_COMMA = YES;
				CLANG_WARN_CONSTANT_CONVERSION = YES;
				CLANG_WARN_DEPRECATED_OBJC_IMPLEMENTATIONS = YES;
				CLANG_WARN_DIRECT_OBJC_ISA_USAGE = YES_ERROR;
				CLANG_WARN_DOCUMENTATION_COMMENTS = YES;
				CLANG_WARN_EMPTY_BODY = YES;
				CLANG_WARN_ENUM_CONVERSION = YES;
				CLANG_WARN_INFINITE_RECURSION = YES;
				CLANG_WARN_INT_CONVERSION = YES;
				CLANG_WARN_NON_LITERAL_NULL_CONVERSION = YES;
				CLANG_WARN_OBJC_IMPLICIT_RETAIN_SELF = YES;
				CLANG_WARN_OBJC_LITERAL_CONVERSION = YES;
				CLANG_WARN_OBJC_ROOT_CLASS = YES_ERROR;
				CLANG_WARN_QUOTED_INCLUDE_IN_FRAMEWORK_HEADER = YES;
				CLANG_WARN_RANGE_LOOP_ANALYSIS = YES;
				CLANG_WARN_STRICT_PROTOTYPES = YES;
				CLANG_WARN_SUSPICIOUS_MOVE = YES;
				CLANG_WARN_UNGUARDED_AVAILABILITY = YES_AGGRESSIVE;
				CLANG_WARN_UNREACHABLE_CODE = YES;
				CLANG_WARN__DUPLICATE_METHOD_MATCH = YES;
				COPY_PHASE_STRIP = NO;
				DEBUG_INFORMATION_FORMAT = "dwarf-with-dsym";
				ENABLE_NS_ASSERTIONS = NO;
				ENABLE_STRICT_OBJC_MSGSEND = YES;
				GCC_C_LANGUAGE_STANDARD = gnu11;
				GCC_NO_COMMON_BLOCKS = YES;
				GCC_WARN_64_TO_32_BIT_CONVERSION = YES;
				GCC_WARN_ABOUT_RETURN_TYPE = YES_ERROR;
				GCC_WARN_UNDECLARED_SELECTOR = YES;
				GCC_WARN_UNINITIALIZED_AUTOS = YES_AGGRESSIVE;
				GCC_WARN_UNUSED_FUNCTION = YES;
				GCC_WARN_UNUSED_VARIABLE = YES;
				IPHONEOS_DEPLOYMENT_TARGET = 16.2;
				MTL_ENABLE_DEBUG_INFO = NO;
				MTL_FAST_MATH = YES;
				SDKROOT = iphoneos;
				SWIFT_COMPILATION_MODE = wholemodule;
				SWIFT_OPTIMIZATION_LEVEL = "-O";
				VALIDATE_PRODUCT = YES;
			};
			name = Release;
		};
		FB464A832966C2C1008AD1B5 /* Debug */ = {
			isa = XCBuildConfiguration;
			buildSettings = {
				ASSETCATALOG_COMPILER_APPICON_NAME = AppIcon;
				ASSETCATALOG_COMPILER_GLOBAL_ACCENT_COLOR_NAME = AccentColor;
				CODE_SIGN_STYLE = Automatic;
				CURRENT_PROJECT_VERSION = 1;
				DEVELOPMENT_ASSET_PATHS = "\"WeAre/Preview Content\"";
				DEVELOPMENT_TEAM = A2Z3TZ2R89;
				ENABLE_PREVIEWS = YES;
				GENERATE_INFOPLIST_FILE = YES;
				INFOPLIST_KEY_UIApplicationSceneManifest_Generation = YES;
				INFOPLIST_KEY_UIApplicationSupportsIndirectInputEvents = YES;
				INFOPLIST_KEY_UILaunchScreen_Generation = YES;
				INFOPLIST_KEY_UISupportedInterfaceOrientations_iPad = "UIInterfaceOrientationPortrait UIInterfaceOrientationPortraitUpsideDown UIInterfaceOrientationLandscapeLeft UIInterfaceOrientationLandscapeRight";
				INFOPLIST_KEY_UISupportedInterfaceOrientations_iPhone = "UIInterfaceOrientationPortrait UIInterfaceOrientationLandscapeLeft UIInterfaceOrientationLandscapeRight";
				LD_RUNPATH_SEARCH_PATHS = (
					"$(inherited)",
					"@executable_path/Frameworks",
				);
				MARKETING_VERSION = 1.0;
				PRODUCT_BUNDLE_IDENTIFIER = lsw.WeAre;
				PRODUCT_NAME = "$(TARGET_NAME)";
				SWIFT_EMIT_LOC_STRINGS = YES;
				SWIFT_VERSION = 5.0;
				TARGETED_DEVICE_FAMILY = "1,2";
			};
			name = Debug;
		};
		FB464A842966C2C1008AD1B5 /* Release */ = {
			isa = XCBuildConfiguration;
			buildSettings = {
				ASSETCATALOG_COMPILER_APPICON_NAME = AppIcon;
				ASSETCATALOG_COMPILER_GLOBAL_ACCENT_COLOR_NAME = AccentColor;
				CODE_SIGN_STYLE = Automatic;
				CURRENT_PROJECT_VERSION = 1;
				DEVELOPMENT_ASSET_PATHS = "\"WeAre/Preview Content\"";
				DEVELOPMENT_TEAM = A2Z3TZ2R89;
				ENABLE_PREVIEWS = YES;
				GENERATE_INFOPLIST_FILE = YES;
				INFOPLIST_KEY_UIApplicationSceneManifest_Generation = YES;
				INFOPLIST_KEY_UIApplicationSupportsIndirectInputEvents = YES;
				INFOPLIST_KEY_UILaunchScreen_Generation = YES;
				INFOPLIST_KEY_UISupportedInterfaceOrientations_iPad = "UIInterfaceOrientationPortrait UIInterfaceOrientationPortraitUpsideDown UIInterfaceOrientationLandscapeLeft UIInterfaceOrientationLandscapeRight";
				INFOPLIST_KEY_UISupportedInterfaceOrientations_iPhone = "UIInterfaceOrientationPortrait UIInterfaceOrientationLandscapeLeft UIInterfaceOrientationLandscapeRight";
				LD_RUNPATH_SEARCH_PATHS = (
					"$(inherited)",
					"@executable_path/Frameworks",
				);
				MARKETING_VERSION = 1.0;
				PRODUCT_BUNDLE_IDENTIFIER = lsw.WeAre;
				PRODUCT_NAME = "$(TARGET_NAME)";
				SWIFT_EMIT_LOC_STRINGS = YES;
				SWIFT_VERSION = 5.0;
				TARGETED_DEVICE_FAMILY = "1,2";
			};
			name = Release;
		};
/* End XCBuildConfiguration section */

/* Begin XCConfigurationList section */
		FB464A6F2966C2C0008AD1B5 /* Build configuration list for PBXProject "WeAre" */ = {
			isa = XCConfigurationList;
			buildConfigurations = (
				FB464A802966C2C1008AD1B5 /* Debug */,
				FB464A812966C2C1008AD1B5 /* Release */,
			);
			defaultConfigurationIsVisible = 0;
			defaultConfigurationName = Release;
		};
		FB464A822966C2C1008AD1B5 /* Build configuration list for PBXNativeTarget "WeAre" */ = {
			isa = XCConfigurationList;
			buildConfigurations = (
				FB464A832966C2C1008AD1B5 /* Debug */,
				FB464A842966C2C1008AD1B5 /* Release */,
			);
			defaultConfigurationIsVisible = 0;
			defaultConfigurationName = Release;
		};
/* End XCConfigurationList section */

/* Begin XCVersionGroup section */
		FB464A99296EE2B7008AD1B5 /* Model.xcdatamodeld */ = {
			isa = XCVersionGroup;
			children = (
				FB464A9A296EE2B7008AD1B5 /* Model.xcdatamodel */,
			);
			currentVersion = FB464A9A296EE2B7008AD1B5 /* Model.xcdatamodel */;
			path = Model.xcdatamodeld;
			sourceTree = "<group>";
			versionGroupType = wrapper.xcdatamodel;
		};
/* End XCVersionGroup section */
	};
	rootObject = FB464A6C2966C2C0008AD1B5 /* Project object */;
}
